// !$*UTF8*$!
{
	archiveVersion = 1;
	classes = {
	};
	objectVersion = 55;
	objects = {

/* Begin PBXBuildFile section */
		CBE42F6C2832390D00B761F3 /* AppDelegate.swift in Sources */ = {isa = PBXBuildFile; fileRef = CBE42F6B2832390D00B761F3 /* AppDelegate.swift */; };
		CBE42F6E2832390D00B761F3 /* SceneDelegate.swift in Sources */ = {isa = PBXBuildFile; fileRef = CBE42F6D2832390D00B761F3 /* SceneDelegate.swift */; };
		CBE42F702832390D00B761F3 /* ViewController.swift in Sources */ = {isa = PBXBuildFile; fileRef = CBE42F6F2832390D00B761F3 /* ViewController.swift */; };
		CBE42F732832390D00B761F3 /* Main.storyboard in Resources */ = {isa = PBXBuildFile; fileRef = CBE42F712832390D00B761F3 /* Main.storyboard */; };
		CBE42F762832390E00B761F3 /* AlRawabi.xcdatamodeld in Sources */ = {isa = PBXBuildFile; fileRef = CBE42F742832390E00B761F3 /* AlRawabi.xcdatamodeld */; };
		CBE42F782832391000B761F3 /* Assets.xcassets in Resources */ = {isa = PBXBuildFile; fileRef = CBE42F772832391000B761F3 /* Assets.xcassets */; };
		CBE42F7B2832391000B761F3 /* LaunchScreen.storyboard in Resources */ = {isa = PBXBuildFile; fileRef = CBE42F792832391000B761F3 /* LaunchScreen.storyboard */; };
		CBE42F862832391000B761F3 /* AlRawabiTests.swift in Sources */ = {isa = PBXBuildFile; fileRef = CBE42F852832391000B761F3 /* AlRawabiTests.swift */; };
		CBE42F902832391000B761F3 /* AlRawabiUITests.swift in Sources */ = {isa = PBXBuildFile; fileRef = CBE42F8F2832391000B761F3 /* AlRawabiUITests.swift */; };
		CBE42F922832391000B761F3 /* AlRawabiUITestsLaunchTests.swift in Sources */ = {isa = PBXBuildFile; fileRef = CBE42F912832391000B761F3 /* AlRawabiUITestsLaunchTests.swift */; };
/* End PBXBuildFile section */

/* Begin PBXContainerItemProxy section */
		CBE42F822832391000B761F3 /* PBXContainerItemProxy */ = {
			isa = PBXContainerItemProxy;
			containerPortal = CBE42F602832390D00B761F3 /* Project object */;
			proxyType = 1;
			remoteGlobalIDString = CBE42F672832390D00B761F3;
			remoteInfo = AlRawabi;
		};
		CBE42F8C2832391000B761F3 /* PBXContainerItemProxy */ = {
			isa = PBXContainerItemProxy;
			containerPortal = CBE42F602832390D00B761F3 /* Project object */;
			proxyType = 1;
			remoteGlobalIDString = CBE42F672832390D00B761F3;
			remoteInfo = AlRawabi;
		};
/* End PBXContainerItemProxy section */

/* Begin PBXFileReference section */
		CBE42F682832390D00B761F3 /* AlRawabi.app */ = {isa = PBXFileReference; explicitFileType = wrapper.application; includeInIndex = 0; path = AlRawabi.app; sourceTree = BUILT_PRODUCTS_DIR; };
		CBE42F6B2832390D00B761F3 /* AppDelegate.swift */ = {isa = PBXFileReference; lastKnownFileType = sourcecode.swift; path = AppDelegate.swift; sourceTree = "<group>"; };
		CBE42F6D2832390D00B761F3 /* SceneDelegate.swift */ = {isa = PBXFileReference; lastKnownFileType = sourcecode.swift; path = SceneDelegate.swift; sourceTree = "<group>"; };
		CBE42F6F2832390D00B761F3 /* ViewController.swift */ = {isa = PBXFileReference; lastKnownFileType = sourcecode.swift; path = ViewController.swift; sourceTree = "<group>"; };
		CBE42F722832390D00B761F3 /* Base */ = {isa = PBXFileReference; lastKnownFileType = file.storyboard; name = Base; path = Base.lproj/Main.storyboard; sourceTree = "<group>"; };
		CBE42F752832390E00B761F3 /* AlRawabi.xcdatamodel */ = {isa = PBXFileReference; lastKnownFileType = wrapper.xcdatamodel; path = AlRawabi.xcdatamodel; sourceTree = "<group>"; };
		CBE42F772832391000B761F3 /* Assets.xcassets */ = {isa = PBXFileReference; lastKnownFileType = folder.assetcatalog; path = Assets.xcassets; sourceTree = "<group>"; };
		CBE42F7A2832391000B761F3 /* Base */ = {isa = PBXFileReference; lastKnownFileType = file.storyboard; name = Base; path = Base.lproj/LaunchScreen.storyboard; sourceTree = "<group>"; };
		CBE42F7C2832391000B761F3 /* Info.plist */ = {isa = PBXFileReference; lastKnownFileType = text.plist.xml; path = Info.plist; sourceTree = "<group>"; };
		CBE42F812832391000B761F3 /* AlRawabiTests.xctest */ = {isa = PBXFileReference; explicitFileType = wrapper.cfbundle; includeInIndex = 0; path = AlRawabiTests.xctest; sourceTree = BUILT_PRODUCTS_DIR; };
		CBE42F852832391000B761F3 /* AlRawabiTests.swift */ = {isa = PBXFileReference; lastKnownFileType = sourcecode.swift; path = AlRawabiTests.swift; sourceTree = "<group>"; };
		CBE42F8B2832391000B761F3 /* AlRawabiUITests.xctest */ = {isa = PBXFileReference; explicitFileType = wrapper.cfbundle; includeInIndex = 0; path = AlRawabiUITests.xctest; sourceTree = BUILT_PRODUCTS_DIR; };
		CBE42F8F2832391000B761F3 /* AlRawabiUITests.swift */ = {isa = PBXFileReference; lastKnownFileType = sourcecode.swift; path = AlRawabiUITests.swift; sourceTree = "<group>"; };
		CBE42F912832391000B761F3 /* AlRawabiUITestsLaunchTests.swift */ = {isa = PBXFileReference; lastKnownFileType = sourcecode.swift; path = AlRawabiUITestsLaunchTests.swift; sourceTree = "<group>"; };
/* End PBXFileReference section */

/* Begin PBXFrameworksBuildPhase section */
		CBE42F652832390D00B761F3 /* Frameworks */ = {
			isa = PBXFrameworksBuildPhase;
			buildActionMask = 2147483647;
			files = (
			);
			runOnlyForDeploymentPostprocessing = 0;
		};
		CBE42F7E2832391000B761F3 /* Frameworks */ = {
			isa = PBXFrameworksBuildPhase;
			buildActionMask = 2147483647;
			files = (
			);
			runOnlyForDeploymentPostprocessing = 0;
		};
		CBE42F882832391000B761F3 /* Frameworks */ = {
			isa = PBXFrameworksBuildPhase;
			buildActionMask = 2147483647;
			files = (
			);
			runOnlyForDeploymentPostprocessing = 0;
		};
/* End PBXFrameworksBuildPhase section */

/* Begin PBXGroup section */
		CBE42F5F2832390D00B761F3 = {
			isa = PBXGroup;
			children = (
				CBE42F6A2832390D00B761F3 /* AlRawabi */,
				CBE42F842832391000B761F3 /* AlRawabiTests */,
				CBE42F8E2832391000B761F3 /* AlRawabiUITests */,
				CBE42F692832390D00B761F3 /* Products */,
			);
			sourceTree = "<group>";
		};
		CBE42F692832390D00B761F3 /* Products */ = {
			isa = PBXGroup;
			children = (
				CBE42F682832390D00B761F3 /* AlRawabi.app */,
				CBE42F812832391000B761F3 /* AlRawabiTests.xctest */,
				CBE42F8B2832391000B761F3 /* AlRawabiUITests.xctest */,
			);
			name = Products;
			sourceTree = "<group>";
		};
		CBE42F6A2832390D00B761F3 /* AlRawabi */ = {
			isa = PBXGroup;
			children = (
				CBE42F6B2832390D00B761F3 /* AppDelegate.swift */,
				CBE42F6D2832390D00B761F3 /* SceneDelegate.swift */,
				CBE42F6F2832390D00B761F3 /* ViewController.swift */,
				CBE42F712832390D00B761F3 /* Main.storyboard */,
				CBE42F772832391000B761F3 /* Assets.xcassets */,
				CBE42F792832391000B761F3 /* LaunchScreen.storyboard */,
				CBE42F7C2832391000B761F3 /* Info.plist */,
				CBE42F742832390E00B761F3 /* AlRawabi.xcdatamodeld */,
			);
			path = AlRawabi;
			sourceTree = "<group>";
		};
		CBE42F842832391000B761F3 /* AlRawabiTests */ = {
			isa = PBXGroup;
			children = (
				CBE42F852832391000B761F3 /* AlRawabiTests.swift */,
			);
			path = AlRawabiTests;
			sourceTree = "<group>";
		};
		CBE42F8E2832391000B761F3 /* AlRawabiUITests */ = {
			isa = PBXGroup;
			children = (
				CBE42F8F2832391000B761F3 /* AlRawabiUITests.swift */,
				CBE42F912832391000B761F3 /* AlRawabiUITestsLaunchTests.swift */,
			);
			path = AlRawabiUITests;
			sourceTree = "<group>";
		};
/* End PBXGroup section */

/* Begin PBXNativeTarget section */
		CBE42F672832390D00B761F3 /* AlRawabi */ = {
			isa = PBXNativeTarget;
			buildConfigurationList = CBE42F952832391000B761F3 /* Build configuration list for PBXNativeTarget "AlRawabi" */;
			buildPhases = (
				CBE42F642832390D00B761F3 /* Sources */,
				CBE42F652832390D00B761F3 /* Frameworks */,
				CBE42F662832390D00B761F3 /* Resources */,
			);
			buildRules = (
			);
			dependencies = (
			);
			name = AlRawabi;
			productName = AlRawabi;
			productReference = CBE42F682832390D00B761F3 /* AlRawabi.app */;
			productType = "com.apple.product-type.application";
		};
		CBE42F802832391000B761F3 /* AlRawabiTests */ = {
			isa = PBXNativeTarget;
			buildConfigurationList = CBE42F982832391000B761F3 /* Build configuration list for PBXNativeTarget "AlRawabiTests" */;
			buildPhases = (
				CBE42F7D2832391000B761F3 /* Sources */,
				CBE42F7E2832391000B761F3 /* Frameworks */,
				CBE42F7F2832391000B761F3 /* Resources */,
			);
			buildRules = (
			);
			dependencies = (
				CBE42F832832391000B761F3 /* PBXTargetDependency */,
			);
			name = AlRawabiTests;
			productName = AlRawabiTests;
			productReference = CBE42F812832391000B761F3 /* AlRawabiTests.xctest */;
			productType = "com.apple.product-type.bundle.unit-test";
		};
		CBE42F8A2832391000B761F3 /* AlRawabiUITests */ = {
			isa = PBXNativeTarget;
			buildConfigurationList = CBE42F9B2832391000B761F3 /* Build configuration list for PBXNativeTarget "AlRawabiUITests" */;
			buildPhases = (
				CBE42F872832391000B761F3 /* Sources */,
				CBE42F882832391000B761F3 /* Frameworks */,
				CBE42F892832391000B761F3 /* Resources */,
			);
			buildRules = (
			);
			dependencies = (
				CBE42F8D2832391000B761F3 /* PBXTargetDependency */,
			);
			name = AlRawabiUITests;
			productName = AlRawabiUITests;
			productReference = CBE42F8B2832391000B761F3 /* AlRawabiUITests.xctest */;
			productType = "com.apple.product-type.bundle.ui-testing";
		};
/* End PBXNativeTarget section */

/* Begin PBXProject section */
		CBE42F602832390D00B761F3 /* Project object */ = {
			isa = PBXProject;
			attributes = {
				BuildIndependentTargetsInParallel = 1;
				LastSwiftUpdateCheck = 1320;
				LastUpgradeCheck = 1320;
				TargetAttributes = {
					CBE42F672832390D00B761F3 = {
						CreatedOnToolsVersion = 13.2.1;
					};
					CBE42F802832391000B761F3 = {
						CreatedOnToolsVersion = 13.2.1;
						TestTargetID = CBE42F672832390D00B761F3;
					};
					CBE42F8A2832391000B761F3 = {
						CreatedOnToolsVersion = 13.2.1;
						TestTargetID = CBE42F672832390D00B761F3;
					};
				};
			};
			buildConfigurationList = CBE42F632832390D00B761F3 /* Build configuration list for PBXProject "AlRawabi" */;
			compatibilityVersion = "Xcode 13.0";
			developmentRegion = en;
			hasScannedForEncodings = 0;
			knownRegions = (
				en,
				Base,
			);
			mainGroup = CBE42F5F2832390D00B761F3;
			productRefGroup = CBE42F692832390D00B761F3 /* Products */;
			projectDirPath = "";
			projectRoot = "";
			targets = (
				CBE42F672832390D00B761F3 /* AlRawabi */,
				CBE42F802832391000B761F3 /* AlRawabiTests */,
				CBE42F8A2832391000B761F3 /* AlRawabiUITests */,
			);
		};
/* End PBXProject section */

/* Begin PBXResourcesBuildPhase section */
		CBE42F662832390D00B761F3 /* Resources */ = {
			isa = PBXResourcesBuildPhase;
			buildActionMask = 2147483647;
			files = (
				CBE42F7B2832391000B761F3 /* LaunchScreen.storyboard in Resources */,
				CBE42F782832391000B761F3 /* Assets.xcassets in Resources */,
				CBE42F732832390D00B761F3 /* Main.storyboard in Resources */,
			);
			runOnlyForDeploymentPostprocessing = 0;
		};
		CBE42F7F2832391000B761F3 /* Resources */ = {
			isa = PBXResourcesBuildPhase;
			buildActionMask = 2147483647;
			files = (
			);
			runOnlyForDeploymentPostprocessing = 0;
		};
		CBE42F892832391000B761F3 /* Resources */ = {
			isa = PBXResourcesBuildPhase;
			buildActionMask = 2147483647;
			files = (
			);
			runOnlyForDeploymentPostprocessing = 0;
		};
/* End PBXResourcesBuildPhase section */

/* Begin PBXSourcesBuildPhase section */
		CBE42F642832390D00B761F3 /* Sources */ = {
			isa = PBXSourcesBuildPhase;
			buildActionMask = 2147483647;
			files = (
				CBE42F762832390E00B761F3 /* AlRawabi.xcdatamodeld in Sources */,
				CBE42F702832390D00B761F3 /* ViewController.swift in Sources */,
				CBE42F6C2832390D00B761F3 /* AppDelegate.swift in Sources */,
				CBE42F6E2832390D00B761F3 /* SceneDelegate.swift in Sources */,
			);
			runOnlyForDeploymentPostprocessing = 0;
		};
		CBE42F7D2832391000B761F3 /* Sources */ = {
			isa = PBXSourcesBuildPhase;
			buildActionMask = 2147483647;
			files = (
				CBE42F862832391000B761F3 /* AlRawabiTests.swift in Sources */,
			);
			runOnlyForDeploymentPostprocessing = 0;
		};
		CBE42F872832391000B761F3 /* Sources */ = {
			isa = PBXSourcesBuildPhase;
			buildActionMask = 2147483647;
			files = (
				CBE42F922832391000B761F3 /* AlRawabiUITestsLaunchTests.swift in Sources */,
				CBE42F902832391000B761F3 /* AlRawabiUITests.swift in Sources */,
			);
			runOnlyForDeploymentPostprocessing = 0;
		};
/* End PBXSourcesBuildPhase section */

/* Begin PBXTargetDependency section */
		CBE42F832832391000B761F3 /* PBXTargetDependency */ = {
			isa = PBXTargetDependency;
			target = CBE42F672832390D00B761F3 /* AlRawabi */;
			targetProxy = CBE42F822832391000B761F3 /* PBXContainerItemProxy */;
		};
		CBE42F8D2832391000B761F3 /* PBXTargetDependency */ = {
			isa = PBXTargetDependency;
			target = CBE42F672832390D00B761F3 /* AlRawabi */;
			targetProxy = CBE42F8C2832391000B761F3 /* PBXContainerItemProxy */;
		};
/* End PBXTargetDependency section */

/* Begin PBXVariantGroup section */
		CBE42F712832390D00B761F3 /* Main.storyboard */ = {
			isa = PBXVariantGroup;
			children = (
				CBE42F722832390D00B761F3 /* Base */,
			);
			name = Main.storyboard;
			sourceTree = "<group>";
		};
		CBE42F792832391000B761F3 /* LaunchScreen.storyboard */ = {
			isa = PBXVariantGroup;
			children = (
				CBE42F7A2832391000B761F3 /* Base */,
			);
			name = LaunchScreen.storyboard;
			sourceTree = "<group>";
		};
/* End PBXVariantGroup section */

/* Begin XCBuildConfiguration section */
		CBE42F932832391000B761F3 /* Debug */ = {
			isa = XCBuildConfiguration;
			buildSettings = {
				ALWAYS_SEARCH_USER_PATHS = NO;
				CLANG_ANALYZER_NONNULL = YES;
				CLANG_ANALYZER_NUMBER_OBJECT_CONVERSION = YES_AGGRESSIVE;
				CLANG_CXX_LANGUAGE_STANDARD = "gnu++17";
				CLANG_CXX_LIBRARY = "libc++";
				CLANG_ENABLE_MODULES = YES;
				CLANG_ENABLE_OBJC_ARC = YES;
				CLANG_ENABLE_OBJC_WEAK = YES;
				CLANG_WARN_BLOCK_CAPTURE_AUTORELEASING = YES;
				CLANG_WARN_BOOL_CONVERSION = YES;
				CLANG_WARN_COMMA = YES;
				CLANG_WARN_CONSTANT_CONVERSION = YES;
				CLANG_WARN_DEPRECATED_OBJC_IMPLEMENTATIONS = YES;
				CLANG_WARN_DIRECT_OBJC_ISA_USAGE = YES_ERROR;
				CLANG_WARN_DOCUMENTATION_COMMENTS = YES;
				CLANG_WARN_EMPTY_BODY = YES;
				CLANG_WARN_ENUM_CONVERSION = YES;
				CLANG_WARN_INFINITE_RECURSION = YES;
				CLANG_WARN_INT_CONVERSION = YES;
				CLANG_WARN_NON_LITERAL_NULL_CONVERSION = YES;
				CLANG_WARN_OBJC_IMPLICIT_RETAIN_SELF = YES;
				CLANG_WARN_OBJC_LITERAL_CONVERSION = YES;
				CLANG_WARN_OBJC_ROOT_CLASS = YES_ERROR;
				CLANG_WARN_QUOTED_INCLUDE_IN_FRAMEWORK_HEADER = YES;
				CLANG_WARN_RANGE_LOOP_ANALYSIS = YES;
				CLANG_WARN_STRICT_PROTOTYPES = YES;
				CLANG_WARN_SUSPICIOUS_MOVE = YES;
				CLANG_WARN_UNGUARDED_AVAILABILITY = YES_AGGRESSIVE;
				CLANG_WARN_UNREACHABLE_CODE = YES;
				CLANG_WARN__DUPLICATE_METHOD_MATCH = YES;
				COPY_PHASE_STRIP = NO;
				DEBUG_INFORMATION_FORMAT = dwarf;
				ENABLE_STRICT_OBJC_MSGSEND = YES;
				ENABLE_TESTABILITY = YES;
				GCC_C_LANGUAGE_STANDARD = gnu11;
				GCC_DYNAMIC_NO_PIC = NO;
				GCC_NO_COMMON_BLOCKS = YES;
				GCC_OPTIMIZATION_LEVEL = 0;
				GCC_PREPROCESSOR_DEFINITIONS = (
					"DEBUG=1",
					"$(inherited)",
				);
				GCC_WARN_64_TO_32_BIT_CONVERSION = YES;
				GCC_WARN_ABOUT_RETURN_TYPE = YES_ERROR;
				GCC_WARN_UNDECLARED_SELECTOR = YES;
				GCC_WARN_UNINITIALIZED_AUTOS = YES_AGGRESSIVE;
				GCC_WARN_UNUSED_FUNCTION = YES;
				GCC_WARN_UNUSED_VARIABLE = YES;
				IPHONEOS_DEPLOYMENT_TARGET = 15.2;
				MTL_ENABLE_DEBUG_INFO = INCLUDE_SOURCE;
				MTL_FAST_MATH = YES;
				ONLY_ACTIVE_ARCH = YES;
				SDKROOT = iphoneos;
				SWIFT_ACTIVE_COMPILATION_CONDITIONS = DEBUG;
				SWIFT_OPTIMIZATION_LEVEL = "-Onone";
			};
			name = Debug;
		};
		CBE42F942832391000B761F3 /* Release */ = {
			isa = XCBuildConfiguration;
			buildSettings = {
				ALWAYS_SEARCH_USER_PATHS = NO;
				CLANG_ANALYZER_NONNULL = YES;
				CLANG_ANALYZER_NUMBER_OBJECT_CONVERSION = YES_AGGRESSIVE;
				CLANG_CXX_LANGUAGE_STANDARD = "gnu++17";
				CLANG_CXX_LIBRARY = "libc++";
				CLANG_ENABLE_MODULES = YES;
				CLANG_ENABLE_OBJC_ARC = YES;
				CLANG_ENABLE_OBJC_WEAK = YES;
				CLANG_WARN_BLOCK_CAPTURE_AUTORELEASING = YES;
				CLANG_WARN_BOOL_CONVERSION = YES;
				CLANG_WARN_COMMA = YES;
				CLANG_WARN_CONSTANT_CONVERSION = YES;
				CLANG_WARN_DEPRECATED_OBJC_IMPLEMENTATIONS = YES;
				CLANG_WARN_DIRECT_OBJC_ISA_USAGE = YES_ERROR;
				CLANG_WARN_DOCUMENTATION_COMMENTS = YES;
				CLANG_WARN_EMPTY_BODY = YES;
				CLANG_WARN_ENUM_CONVERSION = YES;
				CLANG_WARN_INFINITE_RECURSION = YES;
				CLANG_WARN_INT_CONVERSION = YES;
				CLANG_WARN_NON_LITERAL_NULL_CONVERSION = YES;
				CLANG_WARN_OBJC_IMPLICIT_RETAIN_SELF = YES;
				CLANG_WARN_OBJC_LITERAL_CONVERSION = YES;
				CLANG_WARN_OBJC_ROOT_CLASS = YES_ERROR;
				CLANG_WARN_QUOTED_INCLUDE_IN_FRAMEWORK_HEADER = YES;
				CLANG_WARN_RANGE_LOOP_ANALYSIS = YES;
				CLANG_WARN_STRICT_PROTOTYPES = YES;
				CLANG_WARN_SUSPICIOUS_MOVE = YES;
				CLANG_WARN_UNGUARDED_AVAILABILITY = YES_AGGRESSIVE;
				CLANG_WARN_UNREACHABLE_CODE = YES;
				CLANG_WARN__DUPLICATE_METHOD_MATCH = YES;
				COPY_PHASE_STRIP = NO;
				DEBUG_INFORMATION_FORMAT = "dwarf-with-dsym";
				ENABLE_NS_ASSERTIONS = NO;
				ENABLE_STRICT_OBJC_MSGSEND = YES;
				GCC_C_LANGUAGE_STANDARD = gnu11;
				GCC_NO_COMMON_BLOCKS = YES;
				GCC_WARN_64_TO_32_BIT_CONVERSION = YES;
				GCC_WARN_ABOUT_RETURN_TYPE = YES_ERROR;
				GCC_WARN_UNDECLARED_SELECTOR = YES;
				GCC_WARN_UNINITIALIZED_AUTOS = YES_AGGRESSIVE;
				GCC_WARN_UNUSED_FUNCTION = YES;
				GCC_WARN_UNUSED_VARIABLE = YES;
				IPHONEOS_DEPLOYMENT_TARGET = 15.2;
				MTL_ENABLE_DEBUG_INFO = NO;
				MTL_FAST_MATH = YES;
				SDKROOT = iphoneos;
				SWIFT_COMPILATION_MODE = wholemodule;
				SWIFT_OPTIMIZATION_LEVEL = "-O";
				VALIDATE_PRODUCT = YES;
			};
			name = Release;
		};
		CBE42F962832391000B761F3 /* Debug */ = {
			isa = XCBuildConfiguration;
			buildSettings = {
				ASSETCATALOG_COMPILER_APPICON_NAME = AppIcon;
				ASSETCATALOG_COMPILER_GLOBAL_ACCENT_COLOR_NAME = AccentColor;
				CODE_SIGN_STYLE = Automatic;
				CURRENT_PROJECT_VERSION = 1;
				DEVELOPMENT_TEAM = 4V4WQ2YLX8;
				GENERATE_INFOPLIST_FILE = YES;
				INFOPLIST_FILE = AlRawabi/Info.plist;
				INFOPLIST_KEY_UIApplicationSupportsIndirectInputEvents = YES;
				INFOPLIST_KEY_UILaunchStoryboardName = LaunchScreen;
				INFOPLIST_KEY_UIMainStoryboardFile = Main;
				INFOPLIST_KEY_UISupportedInterfaceOrientations_iPad = "UIInterfaceOrientationPortrait UIInterfaceOrientationPortraitUpsideDown UIInterfaceOrientationLandscapeLeft UIInterfaceOrientationLandscapeRight";
				INFOPLIST_KEY_UISupportedInterfaceOrientations_iPhone = "UIInterfaceOrientationPortrait UIInterfaceOrientationLandscapeLeft UIInterfaceOrientationLandscapeRight";
				LD_RUNPATH_SEARCH_PATHS = (
					"$(inherited)",
					"@executable_path/Frameworks",
				);
				MARKETING_VERSION = 1.0;
				PRODUCT_BUNDLE_IDENTIFIER = com.citytech.alrawabi.AlRawabi;
				PRODUCT_NAME = "$(TARGET_NAME)";
				SWIFT_EMIT_LOC_STRINGS = YES;
				SWIFT_VERSION = 5.0;
				TARGETED_DEVICE_FAMILY = "1,2";
			};
			name = Debug;
		};
		CBE42F972832391000B761F3 /* Release */ = {
			isa = XCBuildConfiguration;
			buildSettings = {
				ASSETCATALOG_COMPILER_APPICON_NAME = AppIcon;
				ASSETCATALOG_COMPILER_GLOBAL_ACCENT_COLOR_NAME = AccentColor;
				CODE_SIGN_STYLE = Automatic;
				CURRENT_PROJECT_VERSION = 1;
				DEVELOPMENT_TEAM = 4V4WQ2YLX8;
				GENERATE_INFOPLIST_FILE = YES;
				INFOPLIST_FILE = AlRawabi/Info.plist;
				INFOPLIST_KEY_UIApplicationSupportsIndirectInputEvents = YES;
				INFOPLIST_KEY_UILaunchStoryboardName = LaunchScreen;
				INFOPLIST_KEY_UIMainStoryboardFile = Main;
				INFOPLIST_KEY_UISupportedInterfaceOrientations_iPad = "UIInterfaceOrientationPortrait UIInterfaceOrientationPortraitUpsideDown UIInterfaceOrientationLandscapeLeft UIInterfaceOrientationLandscapeRight";
				INFOPLIST_KEY_UISupportedInterfaceOrientations_iPhone = "UIInterfaceOrientationPortrait UIInterfaceOrientationLandscapeLeft UIInterfaceOrientationLandscapeRight";
				LD_RUNPATH_SEARCH_PATHS = (
					"$(inherited)",
					"@executable_path/Frameworks",
				);
				MARKETING_VERSION = 1.0;
				PRODUCT_BUNDLE_IDENTIFIER = com.citytech.alrawabi.AlRawabi;
				PRODUCT_NAME = "$(TARGET_NAME)";
				SWIFT_EMIT_LOC_STRINGS = YES;
				SWIFT_VERSION = 5.0;
				TARGETED_DEVICE_FAMILY = "1,2";
			};
			name = Release;
		};
		CBE42F992832391000B761F3 /* Debug */ = {
			isa = XCBuildConfiguration;
			buildSettings = {
				ALWAYS_EMBED_SWIFT_STANDARD_LIBRARIES = YES;
				BUNDLE_LOADER = "$(TEST_HOST)";
				CODE_SIGN_STYLE = Automatic;
				CURRENT_PROJECT_VERSION = 1;
				DEVELOPMENT_TEAM = 4V4WQ2YLX8;
				GENERATE_INFOPLIST_FILE = YES;
				IPHONEOS_DEPLOYMENT_TARGET = 15.2;
				MARKETING_VERSION = 1.0;
				PRODUCT_BUNDLE_IDENTIFIER = com.citytech.alrawabi.AlRawabiTests;
				PRODUCT_NAME = "$(TARGET_NAME)";
				SWIFT_EMIT_LOC_STRINGS = NO;
				SWIFT_VERSION = 5.0;
				TARGETED_DEVICE_FAMILY = "1,2";
				TEST_HOST = "$(BUILT_PRODUCTS_DIR)/AlRawabi.app/AlRawabi";
			};
			name = Debug;
		};
		CBE42F9A2832391000B761F3 /* Release */ = {
			isa = XCBuildConfiguration;
			buildSettings = {
				ALWAYS_EMBED_SWIFT_STANDARD_LIBRARIES = YES;
				BUNDLE_LOADER = "$(TEST_HOST)";
				CODE_SIGN_STYLE = Automatic;
				CURRENT_PROJECT_VERSION = 1;
				DEVELOPMENT_TEAM = 4V4WQ2YLX8;
				GENERATE_INFOPLIST_FILE = YES;
				IPHONEOS_DEPLOYMENT_TARGET = 15.2;
				MARKETING_VERSION = 1.0;
				PRODUCT_BUNDLE_IDENTIFIER = com.citytech.alrawabi.AlRawabiTests;
				PRODUCT_NAME = "$(TARGET_NAME)";
				SWIFT_EMIT_LOC_STRINGS = NO;
				SWIFT_VERSION = 5.0;
				TARGETED_DEVICE_FAMILY = "1,2";
				TEST_HOST = "$(BUILT_PRODUCTS_DIR)/AlRawabi.app/AlRawabi";
			};
			name = Release;
		};
		CBE42F9C2832391000B761F3 /* Debug */ = {
			isa = XCBuildConfiguration;
			buildSettings = {
				ALWAYS_EMBED_SWIFT_STANDARD_LIBRARIES = YES;
				CODE_SIGN_STYLE = Automatic;
				CURRENT_PROJECT_VERSION = 1;
				DEVELOPMENT_TEAM = 4V4WQ2YLX8;
				GENERATE_INFOPLIST_FILE = YES;
				MARKETING_VERSION = 1.0;
				PRODUCT_BUNDLE_IDENTIFIER = com.citytech.alrawabi.AlRawabiUITests;
				PRODUCT_NAME = "$(TARGET_NAME)";
				SWIFT_EMIT_LOC_STRINGS = NO;
				SWIFT_VERSION = 5.0;
				TARGETED_DEVICE_FAMILY = "1,2";
				TEST_TARGET_NAME = AlRawabi;
			};
			name = Debug;
		};
		CBE42F9D2832391000B761F3 /* Release */ = {
			isa = XCBuildConfiguration;
			buildSettings = {
				ALWAYS_EMBED_SWIFT_STANDARD_LIBRARIES = YES;
				CODE_SIGN_STYLE = Automatic;
				CURRENT_PROJECT_VERSION = 1;
				DEVELOPMENT_TEAM = 4V4WQ2YLX8;
				GENERATE_INFOPLIST_FILE = YES;
				MARKETING_VERSION = 1.0;
				PRODUCT_BUNDLE_IDENTIFIER = com.citytech.alrawabi.AlRawabiUITests;
				PRODUCT_NAME = "$(TARGET_NAME)";
				SWIFT_EMIT_LOC_STRINGS = NO;
				SWIFT_VERSION = 5.0;
				TARGETED_DEVICE_FAMILY = "1,2";
				TEST_TARGET_NAME = AlRawabi;
			};
			name = Release;
		};
/* End XCBuildConfiguration section */

/* Begin XCConfigurationList section */
		CBE42F632832390D00B761F3 /* Build configuration list for PBXProject "AlRawabi" */ = {
			isa = XCConfigurationList;
			buildConfigurations = (
				CBE42F932832391000B761F3 /* Debug */,
				CBE42F942832391000B761F3 /* Release */,
			);
			defaultConfigurationIsVisible = 0;
			defaultConfigurationName = Release;
		};
		CBE42F952832391000B761F3 /* Build configuration list for PBXNativeTarget "AlRawabi" */ = {
			isa = XCConfigurationList;
			buildConfigurations = (
				CBE42F962832391000B761F3 /* Debug */,
				CBE42F972832391000B761F3 /* Release */,
			);
			defaultConfigurationIsVisible = 0;
			defaultConfigurationName = Release;
		};
		CBE42F982832391000B761F3 /* Build configuration list for PBXNativeTarget "AlRawabiTests" */ = {
			isa = XCConfigurationList;
			buildConfigurations = (
				CBE42F992832391000B761F3 /* Debug */,
				CBE42F9A2832391000B761F3 /* Release */,
			);
			defaultConfigurationIsVisible = 0;
			defaultConfigurationName = Release;
		};
		CBE42F9B2832391000B761F3 /* Build configuration list for PBXNativeTarget "AlRawabiUITests" */ = {
			isa = XCConfigurationList;
			buildConfigurations = (
				CBE42F9C2832391000B761F3 /* Debug */,
				CBE42F9D2832391000B761F3 /* Release */,
			);
			defaultConfigurationIsVisible = 0;
			defaultConfigurationName = Release;
		};
/* End XCConfigurationList section */

/* Begin XCVersionGroup section */
		CBE42F742832390E00B761F3 /* AlRawabi.xcdatamodeld */ = {
			isa = XCVersionGroup;
			children = (
				CBE42F752832390E00B761F3 /* AlRawabi.xcdatamodel */,
			);
			currentVersion = CBE42F752832390E00B761F3 /* AlRawabi.xcdatamodel */;
			path = AlRawabi.xcdatamodeld;
			sourceTree = "<group>";
			versionGroupType = wrapper.xcdatamodel;
		};
/* End XCVersionGroup section */
	};
	rootObject = CBE42F602832390D00B761F3 /* Project object */;
}
